
Microsoft Visual Studio Solution File, Format Version 12.00
# Visual Studio Version 17
VisualStudioVersion = 17.5.33530.505
MinimumVisualStudioVersion = 10.0.40219.1
Project("{FAE04EC0-301F-11D3-BF4B-00C04F79EFBC}") = "NOCIAS", "NOCIAS.csproj", "{C2C74FE6-88CA-4C64-AB41-A601E68019A5}"
EndProject
Global
	GlobalSection(SolutionConfigurationPlatforms) = preSolution
		Debug|Any CPU = Debug|Any CPU
		Release|Any CPU = Release|Any CPU
	EndGlobalSection
	GlobalSection(ProjectConfigurationPlatforms) = postSolution
		{C2C74FE6-88CA-4C64-AB41-A601E68019A5}.Debug|Any CPU.ActiveCfg = Debug|Any CPU
		{C2C74FE6-88CA-4C64-AB41-A601E68019A5}.Debug|Any CPU.Build.0 = Debug|Any CPU
		{C2C74FE6-88CA-4C64-AB41-A601E68019A5}.Release|Any CPU.ActiveCfg = Release|Any CPU
		{C2C74FE6-88CA-4C64-AB41-A601E68019A5}.Release|Any CPU.Build.0 = Release|Any CPU
	EndGlobalSection
	GlobalSection(SolutionProperties) = preSolution
		HideSolutionNode = FALSE
	EndGlobalSection
	GlobalSection(ExtensibilityGlobals) = postSolution
		SolutionGuid = {3CA4BDF6-F7AD-43C4-A2B8-BC12B15F29CE}
	EndGlobalSection
EndGlobal
