
Microsoft Visual Studio Solution File, Format Version 12.00
# Visual Studio Version 17
VisualStudioVersion = 17.5.33530.505
MinimumVisualStudioVersion = 10.0.40219.1
Project("{FAE04EC0-301F-11D3-BF4B-00C04F79EFBC}") = "18-Javascript-Razor-Pages", "18-Javascript-Razor-Pages\18-Javascript-Razor-Pages.csproj", "{5FA37292-C9D7-4E69-8E51-A86519BE264F}"
EndProject
Global
	GlobalSection(SolutionConfigurationPlatforms) = preSolution
		Debug|Any CPU = Debug|Any CPU
		Release|Any CPU = Release|Any CPU
	EndGlobalSection
	GlobalSection(ProjectConfigurationPlatforms) = postSolution
		{5FA37292-C9D7-4E69-8E51-A86519BE264F}.Debug|Any CPU.ActiveCfg = Debug|Any CPU
		{5FA37292-C9D7-4E69-8E51-A86519BE264F}.Debug|Any CPU.Build.0 = Debug|Any CPU
		{5FA37292-C9D7-4E69-8E51-A86519BE264F}.Release|Any CPU.ActiveCfg = Release|Any CPU
		{5FA37292-C9D7-4E69-8E51-A86519BE264F}.Release|Any CPU.Build.0 = Release|Any CPU
	EndGlobalSection
	GlobalSection(SolutionProperties) = preSolution
		HideSolutionNode = FALSE
	EndGlobalSection
	GlobalSection(ExtensibilityGlobals) = postSolution
		SolutionGuid = {69B4684B-9D87-4882-A7BC-1BE01E268E87}
	EndGlobalSection
EndGlobal
