
Microsoft Visual Studio Solution File, Format Version 12.00
# Visual Studio Version 17
VisualStudioVersion = 17.5.33530.505
MinimumVisualStudioVersion = 10.0.40219.1
Project("{FAE04EC0-301F-11D3-BF4B-00C04F79EFBC}") = "05-Encapsulation-POO", "05-Encapsulation-POO.csproj", "{D1599832-19A2-49EB-9ED4-6C8BC001A772}"
EndProject
Global
	GlobalSection(SolutionConfigurationPlatforms) = preSolution
		Debug|Any CPU = Debug|Any CPU
		Release|Any CPU = Release|Any CPU
	EndGlobalSection
	GlobalSection(ProjectConfigurationPlatforms) = postSolution
		{D1599832-19A2-49EB-9ED4-6C8BC001A772}.Debug|Any CPU.ActiveCfg = Debug|Any CPU
		{D1599832-19A2-49EB-9ED4-6C8BC001A772}.Debug|Any CPU.Build.0 = Debug|Any CPU
		{D1599832-19A2-49EB-9ED4-6C8BC001A772}.Release|Any CPU.ActiveCfg = Release|Any CPU
		{D1599832-19A2-49EB-9ED4-6C8BC001A772}.Release|Any CPU.Build.0 = Release|Any CPU
	EndGlobalSection
	GlobalSection(SolutionProperties) = preSolution
		HideSolutionNode = FALSE
	EndGlobalSection
	GlobalSection(ExtensibilityGlobals) = postSolution
		SolutionGuid = {063AFD36-CBA9-4923-B2D1-3385B07B63DD}
	EndGlobalSection
EndGlobal
