
Microsoft Visual Studio Solution File, Format Version 12.00
# Visual Studio Version 17
VisualStudioVersion = 17.5.33530.505
MinimumVisualStudioVersion = 10.0.40219.1
Project("{FAE04EC0-301F-11D3-BF4B-00C04F79EFBC}") = "17-Validation-Razor-Pages", "17-Validation-Razor-Pages\17-Validation-Razor-Pages.csproj", "{F306AC9D-C8D7-4C3F-BA2A-85B55557C64A}"
EndProject
Global
	GlobalSection(SolutionConfigurationPlatforms) = preSolution
		Debug|Any CPU = Debug|Any CPU
		Release|Any CPU = Release|Any CPU
	EndGlobalSection
	GlobalSection(ProjectConfigurationPlatforms) = postSolution
		{F306AC9D-C8D7-4C3F-BA2A-85B55557C64A}.Debug|Any CPU.ActiveCfg = Debug|Any CPU
		{F306AC9D-C8D7-4C3F-BA2A-85B55557C64A}.Debug|Any CPU.Build.0 = Debug|Any CPU
		{F306AC9D-C8D7-4C3F-BA2A-85B55557C64A}.Release|Any CPU.ActiveCfg = Release|Any CPU
		{F306AC9D-C8D7-4C3F-BA2A-85B55557C64A}.Release|Any CPU.Build.0 = Release|Any CPU
	EndGlobalSection
	GlobalSection(SolutionProperties) = preSolution
		HideSolutionNode = FALSE
	EndGlobalSection
	GlobalSection(ExtensibilityGlobals) = postSolution
		SolutionGuid = {BF2FC641-4646-40EB-945D-EF55B3107292}
	EndGlobalSection
EndGlobal
