
Microsoft Visual Studio Solution File, Format Version 12.00
# Visual Studio Version 17
VisualStudioVersion = 17.5.33530.505
MinimumVisualStudioVersion = 10.0.40219.1
Project("{FAE04EC0-301F-11D3-BF4B-00C04F79EFBC}") = "Tarea", "Tarea\Tarea.csproj", "{625542B5-DE80-4FCA-A731-98936B8180C3}"
EndProject
Global
	GlobalSection(SolutionConfigurationPlatforms) = preSolution
		Debug|Any CPU = Debug|Any CPU
		Release|Any CPU = Release|Any CPU
	EndGlobalSection
	GlobalSection(ProjectConfigurationPlatforms) = postSolution
		{625542B5-DE80-4FCA-A731-98936B8180C3}.Debug|Any CPU.ActiveCfg = Debug|Any CPU
		{625542B5-DE80-4FCA-A731-98936B8180C3}.Debug|Any CPU.Build.0 = Debug|Any CPU
		{625542B5-DE80-4FCA-A731-98936B8180C3}.Release|Any CPU.ActiveCfg = Release|Any CPU
		{625542B5-DE80-4FCA-A731-98936B8180C3}.Release|Any CPU.Build.0 = Release|Any CPU
	EndGlobalSection
	GlobalSection(SolutionProperties) = preSolution
		HideSolutionNode = FALSE
	EndGlobalSection
	GlobalSection(ExtensibilityGlobals) = postSolution
		SolutionGuid = {33317494-9379-4A59-9781-D79D73E6AE4F}
	EndGlobalSection
EndGlobal
