
Microsoft Visual Studio Solution File, Format Version 12.00
# Visual Studio Version 17
VisualStudioVersion = 17.5.33530.505
MinimumVisualStudioVersion = 10.0.40219.1
Project("{FAE04EC0-301F-11D3-BF4B-00C04F79EFBC}") = "DataAccess", "DataAccess\DataAccess.csproj", "{3E0F0B72-7716-4A2A-994F-D7B562C7EE27}"
EndProject
Project("{FAE04EC0-301F-11D3-BF4B-00C04F79EFBC}") = "ConexionOracle.WebApi", "ConexionOracle.WebApi\ConexionOracle.WebApi.csproj", "{8F58709C-F430-4C7A-9B97-26EBF25DDE6F}"
EndProject
Global
	GlobalSection(SolutionConfigurationPlatforms) = preSolution
		Debug|Any CPU = Debug|Any CPU
		Release|Any CPU = Release|Any CPU
	EndGlobalSection
	GlobalSection(ProjectConfigurationPlatforms) = postSolution
		{3E0F0B72-7716-4A2A-994F-D7B562C7EE27}.Debug|Any CPU.ActiveCfg = Debug|Any CPU
		{3E0F0B72-7716-4A2A-994F-D7B562C7EE27}.Debug|Any CPU.Build.0 = Debug|Any CPU
		{3E0F0B72-7716-4A2A-994F-D7B562C7EE27}.Release|Any CPU.ActiveCfg = Release|Any CPU
		{3E0F0B72-7716-4A2A-994F-D7B562C7EE27}.Release|Any CPU.Build.0 = Release|Any CPU
		{8F58709C-F430-4C7A-9B97-26EBF25DDE6F}.Debug|Any CPU.ActiveCfg = Debug|Any CPU
		{8F58709C-F430-4C7A-9B97-26EBF25DDE6F}.Debug|Any CPU.Build.0 = Debug|Any CPU
		{8F58709C-F430-4C7A-9B97-26EBF25DDE6F}.Release|Any CPU.ActiveCfg = Release|Any CPU
		{8F58709C-F430-4C7A-9B97-26EBF25DDE6F}.Release|Any CPU.Build.0 = Release|Any CPU
	EndGlobalSection
	GlobalSection(SolutionProperties) = preSolution
		HideSolutionNode = FALSE
	EndGlobalSection
	GlobalSection(ExtensibilityGlobals) = postSolution
		SolutionGuid = {B5BC78BA-6F12-407F-A7C2-886F589FA9AF}
	EndGlobalSection
EndGlobal
