
Microsoft Visual Studio Solution File, Format Version 12.00
# Visual Studio Version 17
VisualStudioVersion = 17.5.33530.505
MinimumVisualStudioVersion = 10.0.40219.1
Project("{FAE04EC0-301F-11D3-BF4B-00C04F79EFBC}") = "01-TypesOfVariables", "01-TypesOfVariables\01-TypesOfVariables.csproj", "{CFFA6C4C-336B-455D-93A2-AE9402DF13C2}"
EndProject
Global
	GlobalSection(SolutionConfigurationPlatforms) = preSolution
		Debug|Any CPU = Debug|Any CPU
		Release|Any CPU = Release|Any CPU
	EndGlobalSection
	GlobalSection(ProjectConfigurationPlatforms) = postSolution
		{CFFA6C4C-336B-455D-93A2-AE9402DF13C2}.Debug|Any CPU.ActiveCfg = Debug|Any CPU
		{CFFA6C4C-336B-455D-93A2-AE9402DF13C2}.Debug|Any CPU.Build.0 = Debug|Any CPU
		{CFFA6C4C-336B-455D-93A2-AE9402DF13C2}.Release|Any CPU.ActiveCfg = Release|Any CPU
		{CFFA6C4C-336B-455D-93A2-AE9402DF13C2}.Release|Any CPU.Build.0 = Release|Any CPU
	EndGlobalSection
	GlobalSection(SolutionProperties) = preSolution
		HideSolutionNode = FALSE
	EndGlobalSection
	GlobalSection(ExtensibilityGlobals) = postSolution
		SolutionGuid = {6EEE20ED-1D1C-46DF-9A7A-8BF89BDCB544}
	EndGlobalSection
EndGlobal
