
Microsoft Visual Studio Solution File, Format Version 12.00
# Visual Studio Version 17
VisualStudioVersion = 17.5.33530.505
MinimumVisualStudioVersion = 10.0.40219.1
Project("{FAE04EC0-301F-11D3-BF4B-00C04F79EFBC}") = "23-PartialViews-Razor-Pages", "23-PartialViews-Razor-Pages\23-PartialViews-Razor-Pages.csproj", "{EF4F1B5B-5728-459C-BF2F-1523CE482F92}"
EndProject
Global
	GlobalSection(SolutionConfigurationPlatforms) = preSolution
		Debug|Any CPU = Debug|Any CPU
		Release|Any CPU = Release|Any CPU
	EndGlobalSection
	GlobalSection(ProjectConfigurationPlatforms) = postSolution
		{EF4F1B5B-5728-459C-BF2F-1523CE482F92}.Debug|Any CPU.ActiveCfg = Debug|Any CPU
		{EF4F1B5B-5728-459C-BF2F-1523CE482F92}.Debug|Any CPU.Build.0 = Debug|Any CPU
		{EF4F1B5B-5728-459C-BF2F-1523CE482F92}.Release|Any CPU.ActiveCfg = Release|Any CPU
		{EF4F1B5B-5728-459C-BF2F-1523CE482F92}.Release|Any CPU.Build.0 = Release|Any CPU
	EndGlobalSection
	GlobalSection(SolutionProperties) = preSolution
		HideSolutionNode = FALSE
	EndGlobalSection
	GlobalSection(ExtensibilityGlobals) = postSolution
		SolutionGuid = {B24F7FBC-8419-41A9-823E-E93F0E17EA72}
	EndGlobalSection
EndGlobal
