
Microsoft Visual Studio Solution File, Format Version 12.00
# Visual Studio Version 17
VisualStudioVersion = 17.5.33530.505
MinimumVisualStudioVersion = 10.0.40219.1
Project("{FAE04EC0-301F-11D3-BF4B-00C04F79EFBC}") = "11-RazorSyntax", "11-RazorSyntax\11-RazorSyntax.csproj", "{0BE74CB8-DE65-46E5-B61F-35A1449C5701}"
EndProject
Global
	GlobalSection(SolutionConfigurationPlatforms) = preSolution
		Debug|Any CPU = Debug|Any CPU
		Release|Any CPU = Release|Any CPU
	EndGlobalSection
	GlobalSection(ProjectConfigurationPlatforms) = postSolution
		{0BE74CB8-DE65-46E5-B61F-35A1449C5701}.Debug|Any CPU.ActiveCfg = Debug|Any CPU
		{0BE74CB8-DE65-46E5-B61F-35A1449C5701}.Debug|Any CPU.Build.0 = Debug|Any CPU
		{0BE74CB8-DE65-46E5-B61F-35A1449C5701}.Release|Any CPU.ActiveCfg = Release|Any CPU
		{0BE74CB8-DE65-46E5-B61F-35A1449C5701}.Release|Any CPU.Build.0 = Release|Any CPU
	EndGlobalSection
	GlobalSection(SolutionProperties) = preSolution
		HideSolutionNode = FALSE
	EndGlobalSection
	GlobalSection(ExtensibilityGlobals) = postSolution
		SolutionGuid = {E95B74FB-6DFD-4C25-9209-179A447EF38B}
	EndGlobalSection
EndGlobal
