
Microsoft Visual Studio Solution File, Format Version 12.00
# Visual Studio Version 17
VisualStudioVersion = 17.5.33530.505
MinimumVisualStudioVersion = 10.0.40219.1
Project("{9A19103F-16F7-4668-BE54-9A1E7A4F7556}") = "EjemploOracle.WebApi", "EjemploOracle.WebApi\EjemploOracle.WebApi.csproj", "{9ED88C26-9B82-4910-918B-5BC0F28C20D0}"
EndProject
Project("{9A19103F-16F7-4668-BE54-9A1E7A4F7556}") = "EjemploOracle.DataAccess", "EjemploOracle.DataAccess\EjemploOracle.DataAccess.csproj", "{64674963-8A94-4BF3-ADF4-79725B719DD9}"
EndProject
Project("{9A19103F-16F7-4668-BE54-9A1E7A4F7556}") = "EjemploOracle.Services", "EjemploOracle.Services\EjemploOracle.Services.csproj", "{59893158-6C26-4BB1-99A1-1C6B40329EA5}"
EndProject
Project("{9A19103F-16F7-4668-BE54-9A1E7A4F7556}") = "EjemploOracle.DTO", "EjemploOracle.DTO\EjemploOracle.DTO.csproj", "{88C6FD4D-1BEE-4B23-9867-0176609EBB82}"
EndProject
Project("{9A19103F-16F7-4668-BE54-9A1E7A4F7556}") = "EjemploOracle.Razor", "EjemploOracle.Razor\EjemploOracle.Razor.csproj", "{83A901DD-3D04-4029-8294-B2B58E1469A2}"
	ProjectSection(ProjectDependencies) = postProject
		{64674963-8A94-4BF3-ADF4-79725B719DD9} = {64674963-8A94-4BF3-ADF4-79725B719DD9}
	EndProjectSection
EndProject
Global
	GlobalSection(SolutionConfigurationPlatforms) = preSolution
		Debug|Any CPU = Debug|Any CPU
		Release|Any CPU = Release|Any CPU
	EndGlobalSection
	GlobalSection(ProjectConfigurationPlatforms) = postSolution
		{9ED88C26-9B82-4910-918B-5BC0F28C20D0}.Debug|Any CPU.ActiveCfg = Debug|Any CPU
		{9ED88C26-9B82-4910-918B-5BC0F28C20D0}.Debug|Any CPU.Build.0 = Debug|Any CPU
		{9ED88C26-9B82-4910-918B-5BC0F28C20D0}.Release|Any CPU.ActiveCfg = Release|Any CPU
		{9ED88C26-9B82-4910-918B-5BC0F28C20D0}.Release|Any CPU.Build.0 = Release|Any CPU
		{64674963-8A94-4BF3-ADF4-79725B719DD9}.Debug|Any CPU.ActiveCfg = Debug|Any CPU
		{64674963-8A94-4BF3-ADF4-79725B719DD9}.Debug|Any CPU.Build.0 = Debug|Any CPU
		{64674963-8A94-4BF3-ADF4-79725B719DD9}.Release|Any CPU.ActiveCfg = Release|Any CPU
		{64674963-8A94-4BF3-ADF4-79725B719DD9}.Release|Any CPU.Build.0 = Release|Any CPU
		{59893158-6C26-4BB1-99A1-1C6B40329EA5}.Debug|Any CPU.ActiveCfg = Debug|Any CPU
		{59893158-6C26-4BB1-99A1-1C6B40329EA5}.Debug|Any CPU.Build.0 = Debug|Any CPU
		{59893158-6C26-4BB1-99A1-1C6B40329EA5}.Release|Any CPU.ActiveCfg = Release|Any CPU
		{59893158-6C26-4BB1-99A1-1C6B40329EA5}.Release|Any CPU.Build.0 = Release|Any CPU
		{88C6FD4D-1BEE-4B23-9867-0176609EBB82}.Debug|Any CPU.ActiveCfg = Debug|Any CPU
		{88C6FD4D-1BEE-4B23-9867-0176609EBB82}.Debug|Any CPU.Build.0 = Debug|Any CPU
		{88C6FD4D-1BEE-4B23-9867-0176609EBB82}.Release|Any CPU.ActiveCfg = Release|Any CPU
		{88C6FD4D-1BEE-4B23-9867-0176609EBB82}.Release|Any CPU.Build.0 = Release|Any CPU
		{83A901DD-3D04-4029-8294-B2B58E1469A2}.Debug|Any CPU.ActiveCfg = Debug|Any CPU
		{83A901DD-3D04-4029-8294-B2B58E1469A2}.Debug|Any CPU.Build.0 = Debug|Any CPU
		{83A901DD-3D04-4029-8294-B2B58E1469A2}.Release|Any CPU.ActiveCfg = Release|Any CPU
		{83A901DD-3D04-4029-8294-B2B58E1469A2}.Release|Any CPU.Build.0 = Release|Any CPU
	EndGlobalSection
	GlobalSection(SolutionProperties) = preSolution
		HideSolutionNode = FALSE
	EndGlobalSection
	GlobalSection(ExtensibilityGlobals) = postSolution
		SolutionGuid = {9B70B9CA-CEA7-4958-8C69-BDE1A3FCD5D6}
	EndGlobalSection
EndGlobal
