
Microsoft Visual Studio Solution File, Format Version 12.00
# Visual Studio Version 17
VisualStudioVersion = 17.5.33530.505
MinimumVisualStudioVersion = 10.0.40219.1
Project("{FAE04EC0-301F-11D3-BF4B-00C04F79EFBC}") = "15-ProcessPost-Razor-Pages", "15-ProcessPost-Razor-Pages\15-ProcessPost-Razor-Pages.csproj", "{AC408ED9-F266-4769-A380-9541064E6B7C}"
EndProject
Global
	GlobalSection(SolutionConfigurationPlatforms) = preSolution
		Debug|Any CPU = Debug|Any CPU
		Release|Any CPU = Release|Any CPU
	EndGlobalSection
	GlobalSection(ProjectConfigurationPlatforms) = postSolution
		{AC408ED9-F266-4769-A380-9541064E6B7C}.Debug|Any CPU.ActiveCfg = Debug|Any CPU
		{AC408ED9-F266-4769-A380-9541064E6B7C}.Debug|Any CPU.Build.0 = Debug|Any CPU
		{AC408ED9-F266-4769-A380-9541064E6B7C}.Release|Any CPU.ActiveCfg = Release|Any CPU
		{AC408ED9-F266-4769-A380-9541064E6B7C}.Release|Any CPU.Build.0 = Release|Any CPU
	EndGlobalSection
	GlobalSection(SolutionProperties) = preSolution
		HideSolutionNode = FALSE
	EndGlobalSection
	GlobalSection(ExtensibilityGlobals) = postSolution
		SolutionGuid = {6A727754-072E-4DC9-AB80-012639C46B0A}
	EndGlobalSection
EndGlobal
